// !$*UTF8*$!
{
	archiveVersion = 1;
	classes = {
	};
	objectVersion = 54;
	objects = {

/* Begin PBXBuildFile section */
		0CEA3B4F4F37280CF9A63E2E /* libPods-VLCSample.a in Frameworks */ = {isa = PBXBuildFile; fileRef = E7760E239CC2CEFC43E06DC7 /* libPods-VLCSample.a */; };
		5EBA06752524766B000ED660 /* ViewController.swift in Sources */ = {isa = PBXBuildFile; fileRef = 5EBA06742524766B000ED660 /* ViewController.swift */; };
		5EBA067A25247674000ED660 /* Assets.xcassets in Resources */ = {isa = PBXBuildFile; fileRef = 5EBA067925247674000ED660 /* Assets.xcassets */; };
		5EBA067D25247674000ED660 /* LaunchScreen.storyboard in Resources */ = {isa = PBXBuildFile; fileRef = 5EBA067B25247674000ED660 /* LaunchScreen.storyboard */; };
		C5B093232BAB0183005FCFEF /* VLCSampleApp.swift in Sources */ = {isa = PBXBuildFile; fileRef = C5B093222BAB0183005FCFEF /* VLCSampleApp.swift */; };
		C5B093252BAB01D0005FCFEF /* VideoPlayer.swift in Sources */ = {isa = PBXBuildFile; fileRef = C5B093242BAB01D0005FCFEF /* VideoPlayer.swift */; };
		C5B093272BAB04A6005FCFEF /* VLCPlayerView.swift in Sources */ = {isa = PBXBuildFile; fileRef = C5B093262BAB04A6005FCFEF /* VLCPlayerView.swift */; };
		C5B093292BAB2F0C005FCFEF /* ContentView.swift in Sources */ = {isa = PBXBuildFile; fileRef = C5B093282BAB2F0C005FCFEF /* ContentView.swift */; };
		C5B0932B2BAC0977005FCFEF /* View+.swift in Sources */ = {isa = PBXBuildFile; fileRef = C5B0932A2BAC0977005FCFEF /* View+.swift */; };
		C5B0932D2BAC1906005FCFEF /* VideoPayload.swift in Sources */ = {isa = PBXBuildFile; fileRef = C5B0932C2BAC1906005FCFEF /* VideoPayload.swift */; };
/* End PBXBuildFile section */

/* Begin PBXFileReference section */
		3A9F9E6D9D36BBA0FB2E09E1 /* Pods-VLCSample.release.xcconfig */ = {isa = PBXFileReference; includeInIndex = 1; lastKnownFileType = text.xcconfig; name = "Pods-VLCSample.release.xcconfig"; path = "Target Support Files/Pods-VLCSample/Pods-VLCSample.release.xcconfig"; sourceTree = "<group>"; };
		512254EE1EAA0C33084482B0 /* Pods-VLCSample.debug.xcconfig */ = {isa = PBXFileReference; includeInIndex = 1; lastKnownFileType = text.xcconfig; name = "Pods-VLCSample.debug.xcconfig"; path = "Target Support Files/Pods-VLCSample/Pods-VLCSample.debug.xcconfig"; sourceTree = "<group>"; };
		5EBA066D2524766B000ED660 /* VLCSample.app */ = {isa = PBXFileReference; explicitFileType = wrapper.application; includeInIndex = 0; path = VLCSample.app; sourceTree = BUILT_PRODUCTS_DIR; };
		5EBA06742524766B000ED660 /* ViewController.swift */ = {isa = PBXFileReference; lastKnownFileType = sourcecode.swift; path = ViewController.swift; sourceTree = "<group>"; };
		5EBA067925247674000ED660 /* Assets.xcassets */ = {isa = PBXFileReference; lastKnownFileType = folder.assetcatalog; path = Assets.xcassets; sourceTree = "<group>"; };
		5EBA067C25247674000ED660 /* Base */ = {isa = PBXFileReference; lastKnownFileType = file.storyboard; name = Base; path = Base.lproj/LaunchScreen.storyboard; sourceTree = "<group>"; };
		5EBA067E25247674000ED660 /* Info.plist */ = {isa = PBXFileReference; lastKnownFileType = text.plist.xml; path = Info.plist; sourceTree = "<group>"; };
		C5B093222BAB0183005FCFEF /* VLCSampleApp.swift */ = {isa = PBXFileReference; lastKnownFileType = sourcecode.swift; path = VLCSampleApp.swift; sourceTree = "<group>"; };
		C5B093242BAB01D0005FCFEF /* VideoPlayer.swift */ = {isa = PBXFileReference; lastKnownFileType = sourcecode.swift; path = VideoPlayer.swift; sourceTree = "<group>"; };
		C5B093262BAB04A6005FCFEF /* VLCPlayerView.swift */ = {isa = PBXFileReference; lastKnownFileType = sourcecode.swift; path = VLCPlayerView.swift; sourceTree = "<group>"; };
		C5B093282BAB2F0C005FCFEF /* ContentView.swift */ = {isa = PBXFileReference; lastKnownFileType = sourcecode.swift; path = ContentView.swift; sourceTree = "<group>"; };
		C5B0932A2BAC0977005FCFEF /* View+.swift */ = {isa = PBXFileReference; lastKnownFileType = sourcecode.swift; path = "View+.swift"; sourceTree = "<group>"; };
		C5B0932C2BAC1906005FCFEF /* VideoPayload.swift */ = {isa = PBXFileReference; lastKnownFileType = sourcecode.swift; path = VideoPayload.swift; sourceTree = "<group>"; };
		E7760E239CC2CEFC43E06DC7 /* libPods-VLCSample.a */ = {isa = PBXFileReference; explicitFileType = archive.ar; includeInIndex = 0; path = "libPods-VLCSample.a"; sourceTree = BUILT_PRODUCTS_DIR; };
/* End PBXFileReference section */

/* Begin PBXFrameworksBuildPhase section */
		5EBA066A2524766B000ED660 /* Frameworks */ = {
			isa = PBXFrameworksBuildPhase;
			buildActionMask = 2147483647;
			files = (
				0CEA3B4F4F37280CF9A63E2E /* libPods-VLCSample.a in Frameworks */,
			);
			runOnlyForDeploymentPostprocessing = 0;
		};
/* End PBXFrameworksBuildPhase section */

/* Begin PBXGroup section */
		5EBA06642524766B000ED660 = {
			isa = PBXGroup;
			children = (
				5EBA066F2524766B000ED660 /* VLCSample */,
				5EBA066E2524766B000ED660 /* Products */,
				733130FBA0EEECF7CB69BE83 /* Pods */,
				7172A87EEA4F19BB78F9A254 /* Frameworks */,
			);
			sourceTree = "<group>";
		};
		5EBA066E2524766B000ED660 /* Products */ = {
			isa = PBXGroup;
			children = (
				5EBA066D2524766B000ED660 /* VLCSample.app */,
			);
			name = Products;
			sourceTree = "<group>";
		};
		5EBA066F2524766B000ED660 /* VLCSample */ = {
			isa = PBXGroup;
			children = (
				C5B093222BAB0183005FCFEF /* VLCSampleApp.swift */,
				C5B093282BAB2F0C005FCFEF /* ContentView.swift */,
				C5B093242BAB01D0005FCFEF /* VideoPlayer.swift */,
				C5B0932A2BAC0977005FCFEF /* View+.swift */,
				C5B093262BAB04A6005FCFEF /* VLCPlayerView.swift */,
				C5B0932C2BAC1906005FCFEF /* VideoPayload.swift */,
				5EBA06742524766B000ED660 /* ViewController.swift */,
				5EBA067925247674000ED660 /* Assets.xcassets */,
				5EBA067B25247674000ED660 /* LaunchScreen.storyboard */,
				5EBA067E25247674000ED660 /* Info.plist */,
			);
			path = VLCSample;
			sourceTree = "<group>";
		};
		7172A87EEA4F19BB78F9A254 /* Frameworks */ = {
			isa = PBXGroup;
			children = (
				E7760E239CC2CEFC43E06DC7 /* libPods-VLCSample.a */,
			);
			name = Frameworks;
			sourceTree = "<group>";
		};
		733130FBA0EEECF7CB69BE83 /* Pods */ = {
			isa = PBXGroup;
			children = (
				512254EE1EAA0C33084482B0 /* Pods-VLCSample.debug.xcconfig */,
				3A9F9E6D9D36BBA0FB2E09E1 /* Pods-VLCSample.release.xcconfig */,
			);
			path = Pods;
			sourceTree = "<group>";
		};
/* End PBXGroup section */

/* Begin PBXNativeTarget section */
		5EBA066C2524766B000ED660 /* VLCSample */ = {
			isa = PBXNativeTarget;
			buildConfigurationList = 5EBA069725247675000ED660 /* Build configuration list for PBXNativeTarget "VLCSample" */;
			buildPhases = (
				76881545B3C825E1AE6AEE93 /* [CP] Check Pods Manifest.lock */,
				5EBA06692524766B000ED660 /* Sources */,
				5EBA066A2524766B000ED660 /* Frameworks */,
				5EBA066B2524766B000ED660 /* Resources */,
				8130B458926D852DB3355E43 /* [CP] Embed Pods Frameworks */,
			);
			buildRules = (
			);
			dependencies = (
			);
			name = VLCSample;
			productName = VLCSample;
			productReference = 5EBA066D2524766B000ED660 /* VLCSample.app */;
			productType = "com.apple.product-type.application";
		};
/* End PBXNativeTarget section */

/* Begin PBXProject section */
		5EBA06652524766B000ED660 /* Project object */ = {
			isa = PBXProject;
			attributes = {
				BuildIndependentTargetsInParallel = YES;
				LastSwiftUpdateCheck = 1200;
				LastUpgradeCheck = 1520;
				TargetAttributes = {
					5EBA066C2524766B000ED660 = {
						CreatedOnToolsVersion = 12.0.1;
						LastSwiftMigration = 1200;
					};
				};
			};
			buildConfigurationList = 5EBA06682524766B000ED660 /* Build configuration list for PBXProject "VLCSample" */;
			compatibilityVersion = "Xcode 9.3";
			developmentRegion = en;
			hasScannedForEncodings = 0;
			knownRegions = (
				en,
				Base,
			);
			mainGroup = 5EBA06642524766B000ED660;
			productRefGroup = 5EBA066E2524766B000ED660 /* Products */;
			projectDirPath = "";
			projectRoot = "";
			targets = (
				5EBA066C2524766B000ED660 /* VLCSample */,
			);
		};
/* End PBXProject section */

/* Begin PBXResourcesBuildPhase section */
		5EBA066B2524766B000ED660 /* Resources */ = {
			isa = PBXResourcesBuildPhase;
			buildActionMask = 2147483647;
			files = (
				5EBA067D25247674000ED660 /* LaunchScreen.storyboard in Resources */,
				5EBA067A25247674000ED660 /* Assets.xcassets in Resources */,
			);
			runOnlyForDeploymentPostprocessing = 0;
		};
/* End PBXResourcesBuildPhase section */

/* Begin PBXShellScriptBuildPhase section */
		76881545B3C825E1AE6AEE93 /* [CP] Check Pods Manifest.lock */ = {
			isa = PBXShellScriptBuildPhase;
			buildActionMask = 2147483647;
			files = (
			);
			inputFileListPaths = (
			);
			inputPaths = (
				"${PODS_PODFILE_DIR_PATH}/Podfile.lock",
				"${PODS_ROOT}/Manifest.lock",
			);
			name = "[CP] Check Pods Manifest.lock";
			outputFileListPaths = (
			);
			outputPaths = (
				"$(DERIVED_FILE_DIR)/Pods-VLCSample-checkManifestLockResult.txt",
			);
			runOnlyForDeploymentPostprocessing = 0;
			shellPath = /bin/sh;
			shellScript = "diff \"${PODS_PODFILE_DIR_PATH}/Podfile.lock\" \"${PODS_ROOT}/Manifest.lock\" > /dev/null\nif [ $? != 0 ] ; then\n    # print error to STDERR\n    echo \"error: The sandbox is not in sync with the Podfile.lock. Run 'pod install' or update your CocoaPods installation.\" >&2\n    exit 1\nfi\n# This output is used by Xcode 'outputs' to avoid re-running this script phase.\necho \"SUCCESS\" > \"${SCRIPT_OUTPUT_FILE_0}\"\n";
			showEnvVarsInLog = 0;
		};
		8130B458926D852DB3355E43 /* [CP] Embed Pods Frameworks */ = {
			isa = PBXShellScriptBuildPhase;
			buildActionMask = 2147483647;
			files = (
			);
			inputFileListPaths = (
				"${PODS_ROOT}/Target Support Files/Pods-VLCSample/Pods-VLCSample-frameworks-${CONFIGURATION}-input-files.xcfilelist",
			);
			name = "[CP] Embed Pods Frameworks";
			outputFileListPaths = (
				"${PODS_ROOT}/Target Support Files/Pods-VLCSample/Pods-VLCSample-frameworks-${CONFIGURATION}-output-files.xcfilelist",
			);
			runOnlyForDeploymentPostprocessing = 0;
			shellPath = /bin/sh;
			shellScript = "\"${PODS_ROOT}/Target Support Files/Pods-VLCSample/Pods-VLCSample-frameworks.sh\"\n";
			showEnvVarsInLog = 0;
		};
/* End PBXShellScriptBuildPhase section */

/* Begin PBXSourcesBuildPhase section */
		5EBA06692524766B000ED660 /* Sources */ = {
			isa = PBXSourcesBuildPhase;
			buildActionMask = 2147483647;
			files = (
				C5B0932D2BAC1906005FCFEF /* VideoPayload.swift in Sources */,
				5EBA06752524766B000ED660 /* ViewController.swift in Sources */,
				C5B093292BAB2F0C005FCFEF /* ContentView.swift in Sources */,
				C5B093252BAB01D0005FCFEF /* VideoPlayer.swift in Sources */,
				C5B093232BAB0183005FCFEF /* VLCSampleApp.swift in Sources */,
				C5B0932B2BAC0977005FCFEF /* View+.swift in Sources */,
				C5B093272BAB04A6005FCFEF /* VLCPlayerView.swift in Sources */,
			);
			runOnlyForDeploymentPostprocessing = 0;
		};
/* End PBXSourcesBuildPhase section */

/* Begin PBXVariantGroup section */
		5EBA067B25247674000ED660 /* LaunchScreen.storyboard */ = {
			isa = PBXVariantGroup;
			children = (
				5EBA067C25247674000ED660 /* Base */,
			);
			name = LaunchScreen.storyboard;
			sourceTree = "<group>";
		};
/* End PBXVariantGroup section */

/* Begin XCBuildConfiguration section */
		5EBA069525247675000ED660 /* Debug */ = {
			isa = XCBuildConfiguration;
			buildSettings = {
				ALWAYS_SEARCH_USER_PATHS = NO;
				CLANG_ANALYZER_NONNULL = YES;
				CLANG_ANALYZER_NUMBER_OBJECT_CONVERSION = YES_AGGRESSIVE;
				CLANG_CXX_LANGUAGE_STANDARD = "gnu++14";
				CLANG_CXX_LIBRARY = "libc++";
				CLANG_ENABLE_MODULES = YES;
				CLANG_ENABLE_OBJC_ARC = YES;
				CLANG_ENABLE_OBJC_WEAK = YES;
				CLANG_WARN_BLOCK_CAPTURE_AUTORELEASING = YES;
				CLANG_WARN_BOOL_CONVERSION = YES;
				CLANG_WARN_COMMA = YES;
				CLANG_WARN_CONSTANT_CONVERSION = YES;
				CLANG_WARN_DEPRECATED_OBJC_IMPLEMENTATIONS = YES;
				CLANG_WARN_DIRECT_OBJC_ISA_USAGE = YES_ERROR;
				CLANG_WARN_DOCUMENTATION_COMMENTS = YES;
				CLANG_WARN_EMPTY_BODY = YES;
				CLANG_WARN_ENUM_CONVERSION = YES;
				CLANG_WARN_INFINITE_RECURSION = YES;
				CLANG_WARN_INT_CONVERSION = YES;
				CLANG_WARN_NON_LITERAL_NULL_CONVERSION = YES;
				CLANG_WARN_OBJC_IMPLICIT_RETAIN_SELF = YES;
				CLANG_WARN_OBJC_LITERAL_CONVERSION = YES;
				CLANG_WARN_OBJC_ROOT_CLASS = YES_ERROR;
				CLANG_WARN_QUOTED_INCLUDE_IN_FRAMEWORK_HEADER = YES;
				CLANG_WARN_RANGE_LOOP_ANALYSIS = YES;
				CLANG_WARN_STRICT_PROTOTYPES = YES;
				CLANG_WARN_SUSPICIOUS_MOVE = YES;
				CLANG_WARN_UNGUARDED_AVAILABILITY = YES_AGGRESSIVE;
				CLANG_WARN_UNREACHABLE_CODE = YES;
				CLANG_WARN__DUPLICATE_METHOD_MATCH = YES;
				COPY_PHASE_STRIP = NO;
				DEBUG_INFORMATION_FORMAT = dwarf;
				ENABLE_STRICT_OBJC_MSGSEND = YES;
				ENABLE_TESTABILITY = YES;
				ENABLE_USER_SCRIPT_SANDBOXING = YES;
				GCC_C_LANGUAGE_STANDARD = gnu11;
				GCC_DYNAMIC_NO_PIC = NO;
				GCC_NO_COMMON_BLOCKS = YES;
				GCC_OPTIMIZATION_LEVEL = 0;
				GCC_PREPROCESSOR_DEFINITIONS = (
					"DEBUG=1",
					"$(inherited)",
				);
				GCC_WARN_64_TO_32_BIT_CONVERSION = YES;
				GCC_WARN_ABOUT_RETURN_TYPE = YES_ERROR;
				GCC_WARN_UNDECLARED_SELECTOR = YES;
				GCC_WARN_UNINITIALIZED_AUTOS = YES_AGGRESSIVE;
				GCC_WARN_UNUSED_FUNCTION = YES;
				GCC_WARN_UNUSED_VARIABLE = YES;
				IPHONEOS_DEPLOYMENT_TARGET = 16.0;
				MTL_ENABLE_DEBUG_INFO = INCLUDE_SOURCE;
				MTL_FAST_MATH = YES;
				ONLY_ACTIVE_ARCH = YES;
				SDKROOT = iphoneos;
				SWIFT_ACTIVE_COMPILATION_CONDITIONS = DEBUG;
				SWIFT_OPTIMIZATION_LEVEL = "-Onone";
			};
			name = Debug;
		};
		5EBA069625247675000ED660 /* Release */ = {
			isa = XCBuildConfiguration;
			buildSettings = {
				ALWAYS_SEARCH_USER_PATHS = NO;
				CLANG_ANALYZER_NONNULL = YES;
				CLANG_ANALYZER_NUMBER_OBJECT_CONVERSION = YES_AGGRESSIVE;
				CLANG_CXX_LANGUAGE_STANDARD = "gnu++14";
				CLANG_CXX_LIBRARY = "libc++";
				CLANG_ENABLE_MODULES = YES;
				CLANG_ENABLE_OBJC_ARC = YES;
				CLANG_ENABLE_OBJC_WEAK = YES;
				CLANG_WARN_BLOCK_CAPTURE_AUTORELEASING = YES;
				CLANG_WARN_BOOL_CONVERSION = YES;
				CLANG_WARN_COMMA = YES;
				CLANG_WARN_CONSTANT_CONVERSION = YES;
				CLANG_WARN_DEPRECATED_OBJC_IMPLEMENTATIONS = YES;
				CLANG_WARN_DIRECT_OBJC_ISA_USAGE = YES_ERROR;
				CLANG_WARN_DOCUMENTATION_COMMENTS = YES;
				CLANG_WARN_EMPTY_BODY = YES;
				CLANG_WARN_ENUM_CONVERSION = YES;
				CLANG_WARN_INFINITE_RECURSION = YES;
				CLANG_WARN_INT_CONVERSION = YES;
				CLANG_WARN_NON_LITERAL_NULL_CONVERSION = YES;
				CLANG_WARN_OBJC_IMPLICIT_RETAIN_SELF = YES;
				CLANG_WARN_OBJC_LITERAL_CONVERSION = YES;
				CLANG_WARN_OBJC_ROOT_CLASS = YES_ERROR;
				CLANG_WARN_QUOTED_INCLUDE_IN_FRAMEWORK_HEADER = YES;
				CLANG_WARN_RANGE_LOOP_ANALYSIS = YES;
				CLANG_WARN_STRICT_PROTOTYPES = YES;
				CLANG_WARN_SUSPICIOUS_MOVE = YES;
				CLANG_WARN_UNGUARDED_AVAILABILITY = YES_AGGRESSIVE;
				CLANG_WARN_UNREACHABLE_CODE = YES;
				CLANG_WARN__DUPLICATE_METHOD_MATCH = YES;
				COPY_PHASE_STRIP = NO;
				DEBUG_INFORMATION_FORMAT = "dwarf-with-dsym";
				ENABLE_NS_ASSERTIONS = NO;
				ENABLE_STRICT_OBJC_MSGSEND = YES;
				ENABLE_USER_SCRIPT_SANDBOXING = YES;
				GCC_C_LANGUAGE_STANDARD = gnu11;
				GCC_NO_COMMON_BLOCKS = YES;
				GCC_WARN_64_TO_32_BIT_CONVERSION = YES;
				GCC_WARN_ABOUT_RETURN_TYPE = YES_ERROR;
				GCC_WARN_UNDECLARED_SELECTOR = YES;
				GCC_WARN_UNINITIALIZED_AUTOS = YES_AGGRESSIVE;
				GCC_WARN_UNUSED_FUNCTION = YES;
				GCC_WARN_UNUSED_VARIABLE = YES;
				IPHONEOS_DEPLOYMENT_TARGET = 16.0;
				MTL_ENABLE_DEBUG_INFO = NO;
				MTL_FAST_MATH = YES;
				SDKROOT = iphoneos;
				SWIFT_COMPILATION_MODE = wholemodule;
				SWIFT_OPTIMIZATION_LEVEL = "-O";
				VALIDATE_PRODUCT = YES;
			};
			name = Release;
		};
		5EBA069825247675000ED660 /* Debug */ = {
			isa = XCBuildConfiguration;
			baseConfigurationReference = 512254EE1EAA0C33084482B0 /* Pods-VLCSample.debug.xcconfig */;
			buildSettings = {
				ASSETCATALOG_COMPILER_APPICON_NAME = AppIcon;
				ASSETCATALOG_COMPILER_GLOBAL_ACCENT_COLOR_NAME = AccentColor;
				CLANG_ENABLE_MODULES = YES;
				CODE_SIGN_STYLE = Automatic;
				DEVELOPMENT_TEAM = "";
				ENABLE_BITCODE = NO;
				ENABLE_USER_SCRIPT_SANDBOXING = NO;
				INFOPLIST_FILE = VLCSample/Info.plist;
				IPHONEOS_DEPLOYMENT_TARGET = 16.0;
				LD_RUNPATH_SEARCH_PATHS = (
					"$(inherited)",
					"@executable_path/Frameworks",
				);
				PRODUCT_BUNDLE_IDENTIFIER = ch.orangeits.VLCSample;
				PRODUCT_NAME = "$(TARGET_NAME)";
				SWIFT_OPTIMIZATION_LEVEL = "-Onone";
				SWIFT_VERSION = 5.0;
				TARGETED_DEVICE_FAMILY = "1,2";
			};
			name = Debug;
		};
		5EBA069925247675000ED660 /* Release */ = {
			isa = XCBuildConfiguration;
			baseConfigurationReference = 3A9F9E6D9D36BBA0FB2E09E1 /* Pods-VLCSample.release.xcconfig */;
			buildSettings = {
				ASSETCATALOG_COMPILER_APPICON_NAME = AppIcon;
				ASSETCATALOG_COMPILER_GLOBAL_ACCENT_COLOR_NAME = AccentColor;
				CLANG_ENABLE_MODULES = YES;
				CODE_SIGN_STYLE = Automatic;
				DEVELOPMENT_TEAM = "";
				ENABLE_BITCODE = NO;
				ENABLE_USER_SCRIPT_SANDBOXING = NO;
				INFOPLIST_FILE = VLCSample/Info.plist;
				IPHONEOS_DEPLOYMENT_TARGET = 16.0;
				LD_RUNPATH_SEARCH_PATHS = (
					"$(inherited)",
					"@executable_path/Frameworks",
				);
				PRODUCT_BUNDLE_IDENTIFIER = ch.orangeits.VLCSample;
				PRODUCT_NAME = "$(TARGET_NAME)";
				SWIFT_VERSION = 5.0;
				TARGETED_DEVICE_FAMILY = "1,2";
			};
			name = Release;
		};
/* End XCBuildConfiguration section */

/* Begin XCConfigurationList section */
		5EBA06682524766B000ED660 /* Build configuration list for PBXProject "VLCSample" */ = {
			isa = XCConfigurationList;
			buildConfigurations = (
				5EBA069525247675000ED660 /* Debug */,
				5EBA069625247675000ED660 /* Release */,
			);
			defaultConfigurationIsVisible = 0;
			defaultConfigurationName = Release;
		};
		5EBA069725247675000ED660 /* Build configuration list for PBXNativeTarget "VLCSample" */ = {
			isa = XCConfigurationList;
			buildConfigurations = (
				5EBA069825247675000ED660 /* Debug */,
				5EBA069925247675000ED660 /* Release */,
			);
			defaultConfigurationIsVisible = 0;
			defaultConfigurationName = Release;
		};
/* End XCConfigurationList section */
	};
	rootObject = 5EBA06652524766B000ED660 /* Project object */;
}
